
Microsoft Visual Studio Solution File, Format Version 12.00
# Visual Studio Version 16
VisualStudioVersion = 16.0.29613.14
MinimumVisualStudioVersion = 10.0.40219.1
Project("{9A19103F-16F7-4668-BE54-9A1E7A4F7556}") = "Сartridges_storage", "artridges\Сartridges_storage.csproj", "{0B661F33-978B-42C1-B161-7D0B0F0CCE57}"
EndProject
Project("{2150E333-8FDC-42A3-9474-1A3956D46DE8}") = "Solution Items", "Solution Items", "{759B5E2A-69A0-44DD-9203-689AFE847179}"
	ProjectSection(SolutionItems) = preProject
		.editorconfig = .editorconfig
	EndProjectSection
EndProject
Global
	GlobalSection(SolutionConfigurationPlatforms) = preSolution
		Debug|Any CPU = Debug|Any CPU
		Release|Any CPU = Release|Any CPU
	EndGlobalSection
	GlobalSection(ProjectConfigurationPlatforms) = postSolution
		{0B661F33-978B-42C1-B161-7D0B0F0CCE57}.Debug|Any CPU.ActiveCfg = Debug|Any CPU
		{0B661F33-978B-42C1-B161-7D0B0F0CCE57}.Debug|Any CPU.Build.0 = Debug|Any CPU
		{0B661F33-978B-42C1-B161-7D0B0F0CCE57}.Release|Any CPU.ActiveCfg = Release|Any CPU
		{0B661F33-978B-42C1-B161-7D0B0F0CCE57}.Release|Any CPU.Build.0 = Release|Any CPU
	EndGlobalSection
	GlobalSection(SolutionProperties) = preSolution
		HideSolutionNode = FALSE
	EndGlobalSection
	GlobalSection(ExtensibilityGlobals) = postSolution
		SolutionGuid = {36440885-8A8D-4D7B-B395-F5BDBE168FAA}
	EndGlobalSection
EndGlobal
